{
  "name": "tree-shaking",
  "version": "1.0.0",
  "lockfileVersion": 1,
  "requires": true,
  "dependencies": {
    "@discoveryjs/json-ext": {
      "version": "0.5.6",
      "resolved": "http://registry.m.jd.com/@discoveryjs/json-ext/download/@discoveryjs/json-ext-0.5.6.tgz",
      "integrity": "sha1-1eBwbPjGrNjGAy+NVAcK8mG7uy8="
    },
    "@types/eslint": {
      "version": "8.2.2",
      "resolved": "http://registry.m.jd.com/@types/eslint/download/@types/eslint-8.2.2.tgz",
      "integrity": "sha1-tk29tksZV8/IppjGgpf8+Jg+lMc=",
      "requires": {
        "@types/estree": "*",
        "@types/json-schema": "*"
      }
    },
    "@types/eslint-scope": {
      "version": "3.7.3",
      "resolved": "http://registry.m.jd.com/@types/eslint-scope/download/@types/eslint-scope-3.7.3.tgz",
      "integrity": "sha1-EluIUEth48i8b4cIggAyUwBcMiQ=",
      "requires": {
        "@types/eslint": "*",
        "@types/estree": "*"
      }
    },
    "@types/estree": {
      "version": "0.0.50",
      "resolved": "http://registry.m.jd.com/@types/estree/download/@types/estree-0.0.50.tgz",
      "integrity": "sha1-Hgyqk2TT/M0pMcPtlv2+ql1MyoM="
    },
    "@types/html-minifier-terser": {
      "version": "6.1.0",
      "resolved": "http://registry.m.jd.com/@types/html-minifier-terser/download/@types/html-minifier-terser-6.1.0.tgz",
      "integrity": "sha1-T8M6AMHQwWmHsaIM+S0gYUxVrDU=",
      "dev": true
    },
    "@types/json-schema": {
      "version": "7.0.9",
      "resolved": "http://registry.m.jd.com/@types/json-schema/download/@types/json-schema-7.0.9.tgz",
      "integrity": "sha1-l+3JA36gw4WFMgsolk3eOznkZg0="
    },
    "@types/node": {
      "version": "17.0.8",
      "resolved": "http://registry.m.jd.com/@types/node/download/@types/node-17.0.8.tgz",
      "integrity": "sha1-UNaAyKinj+MKvmkGRTshrYqwrXs="
    },
    "@webassemblyjs/ast": {
      "version": "1.11.1",
      "resolved": "http://registry.m.jd.com/@webassemblyjs/ast/download/@webassemblyjs/ast-1.11.1.tgz",
      "integrity": "sha1-K/12fq4aaZb0Mv9+jX/HVnnAtqc=",
      "requires": {
        "@webassemblyjs/helper-numbers": "1.11.1",
        "@webassemblyjs/helper-wasm-bytecode": "1.11.1"
      }
    },
    "@webassemblyjs/floating-point-hex-parser": {
      "version": "1.11.1",
      "resolved": "http://registry.m.jd.com/@webassemblyjs/floating-point-hex-parser/download/@webassemblyjs/floating-point-hex-parser-1.11.1.tgz",
      "integrity": "sha1-9sYacF8P16auyqToGY8j2dwXnk8="
    },
    "@webassemblyjs/helper-api-error": {
      "version": "1.11.1",
      "resolved": "http://registry.m.jd.com/@webassemblyjs/helper-api-error/download/@webassemblyjs/helper-api-error-1.11.1.tgz",
      "integrity": "sha1-GmMZLYeI5cASgAump6RscFKI/RY="
    },
    "@webassemblyjs/helper-buffer": {
      "version": "1.11.1",
      "resolved": "http://registry.m.jd.com/@webassemblyjs/helper-buffer/download/@webassemblyjs/helper-buffer-1.11.1.tgz",
      "integrity": "sha1-gyqQDrREiEzemnytRn+BUA9eWrU="
    },
    "@webassemblyjs/helper-numbers": {
      "version": "1.11.1",
      "resolved": "http://registry.m.jd.com/@webassemblyjs/helper-numbers/download/@webassemblyjs/helper-numbers-1.11.1.tgz",
      "integrity": "sha1-ZNgdohn7u6HjvRv8dPboxOEKYq4=",
      "requires": {
        "@webassemblyjs/floating-point-hex-parser": "1.11.1",
        "@webassemblyjs/helper-api-error": "1.11.1",
        "@xtuc/long": "4.2.2"
      }
    },
    "@webassemblyjs/helper-wasm-bytecode": {
      "version": "1.11.1",
      "resolved": "http://registry.m.jd.com/@webassemblyjs/helper-wasm-bytecode/download/@webassemblyjs/helper-wasm-bytecode-1.11.1.tgz",
      "integrity": "sha1-8ygkHkHnsZnQsgwY6IQpxEMyleE="
    },
    "@webassemblyjs/helper-wasm-section": {
      "version": "1.11.1",
      "resolved": "http://registry.m.jd.com/@webassemblyjs/helper-wasm-section/download/@webassemblyjs/helper-wasm-section-1.11.1.tgz",
      "integrity": "sha1-Ie4GWntjXzGec48N1zv72igcCXo=",
      "requires": {
        "@webassemblyjs/ast": "1.11.1",
        "@webassemblyjs/helper-buffer": "1.11.1",
        "@webassemblyjs/helper-wasm-bytecode": "1.11.1",
        "@webassemblyjs/wasm-gen": "1.11.1"
      }
    },
    "@webassemblyjs/ieee754": {
      "version": "1.11.1",
      "resolved": "http://registry.m.jd.com/@webassemblyjs/ieee754/download/@webassemblyjs/ieee754-1.11.1.tgz",
      "integrity": "sha1-ljkp6bvQVwnn4SJDoJkYCBKZJhQ=",
      "requires": {
        "@xtuc/ieee754": "^1.2.0"
      }
    },
    "@webassemblyjs/leb128": {
      "version": "1.11.1",
      "resolved": "http://registry.m.jd.com/@webassemblyjs/leb128/download/@webassemblyjs/leb128-1.11.1.tgz",
      "integrity": "sha1-zoFLRVdOk9drrh+yZEq5zdlSeqU=",
      "requires": {
        "@xtuc/long": "4.2.2"
      }
    },
    "@webassemblyjs/utf8": {
      "version": "1.11.1",
      "resolved": "http://registry.m.jd.com/@webassemblyjs/utf8/download/@webassemblyjs/utf8-1.11.1.tgz",
      "integrity": "sha1-0fi3ZDaefG5rrjUOhU3smlnwo/8="
    },
    "@webassemblyjs/wasm-edit": {
      "version": "1.11.1",
      "resolved": "http://registry.m.jd.com/@webassemblyjs/wasm-edit/download/@webassemblyjs/wasm-edit-1.11.1.tgz",
      "integrity": "sha1-rSBuv0v5WgWM6YgKjAksXeyBk9Y=",
      "requires": {
        "@webassemblyjs/ast": "1.11.1",
        "@webassemblyjs/helper-buffer": "1.11.1",
        "@webassemblyjs/helper-wasm-bytecode": "1.11.1",
        "@webassemblyjs/helper-wasm-section": "1.11.1",
        "@webassemblyjs/wasm-gen": "1.11.1",
        "@webassemblyjs/wasm-opt": "1.11.1",
        "@webassemblyjs/wasm-parser": "1.11.1",
        "@webassemblyjs/wast-printer": "1.11.1"
      }
    },
    "@webassemblyjs/wasm-gen": {
      "version": "1.11.1",
      "resolved": "http://registry.m.jd.com/@webassemblyjs/wasm-gen/download/@webassemblyjs/wasm-gen-1.11.1.tgz",
      "integrity": "sha1-hsXqMEhJdZt9iMR6MvTwOa48j3Y=",
      "requires": {
        "@webassemblyjs/ast": "1.11.1",
        "@webassemblyjs/helper-wasm-bytecode": "1.11.1",
        "@webassemblyjs/ieee754": "1.11.1",
        "@webassemblyjs/leb128": "1.11.1",
        "@webassemblyjs/utf8": "1.11.1"
      }
    },
    "@webassemblyjs/wasm-opt": {
      "version": "1.11.1",
      "resolved": "http://registry.m.jd.com/@webassemblyjs/wasm-opt/download/@webassemblyjs/wasm-opt-1.11.1.tgz",
      "integrity": "sha1-ZXtMIgL0zzs0X4pMZGHIwkGJhfI=",
      "requires": {
        "@webassemblyjs/ast": "1.11.1",
        "@webassemblyjs/helper-buffer": "1.11.1",
        "@webassemblyjs/wasm-gen": "1.11.1",
        "@webassemblyjs/wasm-parser": "1.11.1"
      }
    },
    "@webassemblyjs/wasm-parser": {
      "version": "1.11.1",
      "resolved": "http://registry.m.jd.com/@webassemblyjs/wasm-parser/download/@webassemblyjs/wasm-parser-1.11.1.tgz",
      "integrity": "sha1-hspzRTT0F+m9PGfHocddi+QfsZk=",
      "requires": {
        "@webassemblyjs/ast": "1.11.1",
        "@webassemblyjs/helper-api-error": "1.11.1",
        "@webassemblyjs/helper-wasm-bytecode": "1.11.1",
        "@webassemblyjs/ieee754": "1.11.1",
        "@webassemblyjs/leb128": "1.11.1",
        "@webassemblyjs/utf8": "1.11.1"
      }
    },
    "@webassemblyjs/wast-printer": {
      "version": "1.11.1",
      "resolved": "http://registry.m.jd.com/@webassemblyjs/wast-printer/download/@webassemblyjs/wast-printer-1.11.1.tgz",
      "integrity": "sha1-0Mc77ajuxUJvEK6O9VzuXnCEwvA=",
      "requires": {
        "@webassemblyjs/ast": "1.11.1",
        "@xtuc/long": "4.2.2"
      }
    },
    "@webpack-cli/configtest": {
      "version": "1.1.0",
      "resolved": "http://registry.m.jd.com/@webpack-cli/configtest/download/@webpack-cli/configtest-1.1.0.tgz",
      "integrity": "sha1-g0K+8Lrft9/TtXbyV0q4DHJb4EM="
    },
    "@webpack-cli/info": {
      "version": "1.4.0",
      "resolved": "http://registry.m.jd.com/@webpack-cli/info/download/@webpack-cli/info-1.4.0.tgz",
      "integrity": "sha1-uRecMierCcu7FJqnM0dfz5lDAiM=",
      "requires": {
        "envinfo": "^7.7.3"
      }
    },
    "@webpack-cli/serve": {
      "version": "1.6.0",
      "resolved": "http://registry.m.jd.com/@webpack-cli/serve/download/@webpack-cli/serve-1.6.0.tgz",
      "integrity": "sha1-LCdaoFyJXszrv8NM+yI8bovVkaI="
    },
    "@xtuc/ieee754": {
      "version": "1.2.0",
      "resolved": "http://registry.m.jd.com/@xtuc/ieee754/download/@xtuc/ieee754-1.2.0.tgz",
      "integrity": "sha1-7vAUoxRa5Hehy8AM0eVSM23Ot5A="
    },
    "@xtuc/long": {
      "version": "4.2.2",
      "resolved": "http://registry.m.jd.com/@xtuc/long/download/@xtuc/long-4.2.2.tgz",
      "integrity": "sha1-0pHGpOl5ibXGHZrPOWrk/hM6cY0="
    },
    "acorn": {
      "version": "8.7.0",
      "resolved": "http://registry.m.jd.com/acorn/download/acorn-8.7.0.tgz",
      "integrity": "sha1-kJUf3g+PCd+TVJSB5fwUFEW3kc8="
    },
    "acorn-import-assertions": {
      "version": "1.8.0",
      "resolved": "http://registry.m.jd.com/acorn-import-assertions/download/acorn-import-assertions-1.8.0.tgz",
      "integrity": "sha1-uitZOc5iwjjbbZPYHJsRGym4Vek="
    },
    "ajv": {
      "version": "6.12.6",
      "resolved": "http://registry.m.jd.com/ajv/download/ajv-6.12.6.tgz",
      "integrity": "sha1-uvWmLoArB9l3A0WG+MO69a3ybfQ=",
      "requires": {
        "fast-deep-equal": "^3.1.1",
        "fast-json-stable-stringify": "^2.0.0",
        "json-schema-traverse": "^0.4.1",
        "uri-js": "^4.2.2"
      }
    },
    "ajv-keywords": {
      "version": "3.5.2",
      "resolved": "http://registry.m.jd.com/ajv-keywords/download/ajv-keywords-3.5.2.tgz",
      "integrity": "sha1-MfKdpatuANHC0yms97WSlhTVAU0="
    },
    "ansi-regex": {
      "version": "5.0.1",
      "resolved": "http://registry.m.jd.com/ansi-regex/download/ansi-regex-5.0.1.tgz",
      "integrity": "sha1-CCyyyJyf6GWaMRpTvWpNxTAdswQ=",
      "dev": true
    },
    "boolbase": {
      "version": "1.0.0",
      "resolved": "http://registry.m.jd.com/boolbase/download/boolbase-1.0.0.tgz",
      "integrity": "sha1-aN/1++YMUes3cl6p4+0xDcwed24=",
      "dev": true
    },
    "browserslist": {
      "version": "4.19.1",
      "resolved": "http://registry.m.jd.com/browserslist/download/browserslist-4.19.1.tgz",
      "integrity": "sha1-SsBDWzWrZViWwx1TAYtt1enkyaM=",
      "requires": {
        "caniuse-lite": "^1.0.30001286",
        "electron-to-chromium": "^1.4.17",
        "escalade": "^3.1.1",
        "node-releases": "^2.0.1",
        "picocolors": "^1.0.0"
      }
    },
    "buffer-from": {
      "version": "1.1.2",
      "resolved": "http://registry.m.jd.com/buffer-from/download/buffer-from-1.1.2.tgz",
      "integrity": "sha1-KxRqb9cugLT1XSVfNe1Zo6mkG9U="
    },
    "camel-case": {
      "version": "4.1.2",
      "resolved": "http://registry.m.jd.com/camel-case/download/camel-case-4.1.2.tgz",
      "integrity": "sha1-lygHKpVPgFIoIlpt7qazhGHhvVo=",
      "dev": true,
      "requires": {
        "pascal-case": "^3.1.2",
        "tslib": "^2.0.3"
      }
    },
    "caniuse-lite": {
      "version": "1.0.30001299",
      "resolved": "http://registry.m.jd.com/caniuse-lite/download/caniuse-lite-1.0.30001299.tgz",
      "integrity": "sha1-11O/ZETtQB61A8u+F6o+FFG1pow="
    },
    "chrome-trace-event": {
      "version": "1.0.3",
      "resolved": "http://registry.m.jd.com/chrome-trace-event/download/chrome-trace-event-1.0.3.tgz",
      "integrity": "sha1-EBXs7UdB4V0GZkqVfbv1DQQeJqw="
    },
    "clean-css": {
      "version": "5.2.2",
      "resolved": "http://registry.m.jd.com/clean-css/download/clean-css-5.2.2.tgz",
      "integrity": "sha1-06fG7iURAR4FFxmDi9z4MU3EVI0=",
      "dev": true,
      "requires": {
        "source-map": "~0.6.0"
      }
    },
    "clone-deep": {
      "version": "4.0.1",
      "resolved": "http://registry.m.jd.com/clone-deep/download/clone-deep-4.0.1.tgz",
      "integrity": "sha1-wZ/Zvbv4WUK0/ZechNz31fB8I4c=",
      "requires": {
        "is-plain-object": "^2.0.4",
        "kind-of": "^6.0.2",
        "shallow-clone": "^3.0.0"
      }
    },
    "colorette": {
      "version": "2.0.16",
      "resolved": "http://registry.m.jd.com/colorette/download/colorette-2.0.16.tgz",
      "integrity": "sha1-cTua+E/bAAE58EVGvUqT9ipQhdo="
    },
    "commander": {
      "version": "2.20.3",
      "resolved": "http://registry.m.jd.com/commander/download/commander-2.20.3.tgz",
      "integrity": "sha1-/UhehMA+tIgcIHIrpIA16FMa6zM="
    },
    "cross-spawn": {
      "version": "7.0.3",
      "resolved": "http://registry.m.jd.com/cross-spawn/download/cross-spawn-7.0.3.tgz",
      "integrity": "sha1-9zqFudXUHQRVUcF34ogtSshXKKY=",
      "requires": {
        "path-key": "^3.1.0",
        "shebang-command": "^2.0.0",
        "which": "^2.0.1"
      }
    },
    "css-select": {
      "version": "4.2.1",
      "resolved": "http://registry.m.jd.com/css-select/download/css-select-4.2.1.tgz",
      "integrity": "sha1-nmZdauTH+dZdvmnQMW4yIfsnTN0=",
      "dev": true,
      "requires": {
        "boolbase": "^1.0.0",
        "css-what": "^5.1.0",
        "domhandler": "^4.3.0",
        "domutils": "^2.8.0",
        "nth-check": "^2.0.1"
      }
    },
    "css-what": {
      "version": "5.1.0",
      "resolved": "http://registry.m.jd.com/css-what/download/css-what-5.1.0.tgz",
      "integrity": "sha1-P3tweq32M7r2LCzrhXm1RbtA9/4=",
      "dev": true
    },
    "dom-converter": {
      "version": "0.2.0",
      "resolved": "http://registry.m.jd.com/dom-converter/download/dom-converter-0.2.0.tgz",
      "integrity": "sha1-ZyGp2u4uKTaClVtq/kFncWJ7t2g=",
      "dev": true,
      "requires": {
        "utila": "~0.4"
      }
    },
    "dom-serializer": {
      "version": "1.3.2",
      "resolved": "http://registry.m.jd.com/dom-serializer/download/dom-serializer-1.3.2.tgz",
      "integrity": "sha1-YgZDfTLO767HFhgDIwx6ILwbTZE=",
      "dev": true,
      "requires": {
        "domelementtype": "^2.0.1",
        "domhandler": "^4.2.0",
        "entities": "^2.0.0"
      }
    },
    "domelementtype": {
      "version": "2.2.0",
      "resolved": "http://registry.m.jd.com/domelementtype/download/domelementtype-2.2.0.tgz",
      "integrity": "sha1-mgtsJ4LtahxzI9QiZxg9+b2LHVc=",
      "dev": true
    },
    "domhandler": {
      "version": "4.3.0",
      "resolved": "http://registry.m.jd.com/domhandler/download/domhandler-4.3.0.tgz",
      "integrity": "sha1-FsZYxibPlmln4wb5ZrQx931KViY=",
      "dev": true,
      "requires": {
        "domelementtype": "^2.2.0"
      }
    },
    "domutils": {
      "version": "2.8.0",
      "resolved": "http://registry.m.jd.com/domutils/download/domutils-2.8.0.tgz",
      "integrity": "sha1-RDfe9dtuLR9dbuhZvZXKfQIEgTU=",
      "dev": true,
      "requires": {
        "dom-serializer": "^1.0.1",
        "domelementtype": "^2.2.0",
        "domhandler": "^4.2.0"
      }
    },
    "dot-case": {
      "version": "3.0.4",
      "resolved": "http://registry.m.jd.com/dot-case/download/dot-case-3.0.4.tgz",
      "integrity": "sha1-mytnDQCkMWZ6inW6Kc0bmICc51E=",
      "dev": true,
      "requires": {
        "no-case": "^3.0.4",
        "tslib": "^2.0.3"
      }
    },
    "electron-to-chromium": {
      "version": "1.4.43",
      "resolved": "http://registry.m.jd.com/electron-to-chromium/download/electron-to-chromium-1.4.43.tgz",
      "integrity": "sha1-ZlwM2NXnzOC6eNkKUUyMgTyjvb4="
    },
    "enhanced-resolve": {
      "version": "5.8.3",
      "resolved": "http://registry.m.jd.com/enhanced-resolve/download/enhanced-resolve-5.8.3.tgz",
      "integrity": "sha1-bVUtRlzOBCP1s9cYUR6lOCansvA=",
      "requires": {
        "graceful-fs": "^4.2.4",
        "tapable": "^2.2.0"
      }
    },
    "entities": {
      "version": "2.2.0",
      "resolved": "http://registry.m.jd.com/entities/download/entities-2.2.0.tgz",
      "integrity": "sha1-CY3JDruD2N/6CJ1VJWs1HTTE2lU=",
      "dev": true
    },
    "envinfo": {
      "version": "7.8.1",
      "resolved": "http://registry.m.jd.com/envinfo/download/envinfo-7.8.1.tgz",
      "integrity": "sha1-Bjd+Pl9NN5/qesWS1a2JJ+DE1HU="
    },
    "es-module-lexer": {
      "version": "0.9.3",
      "resolved": "http://registry.m.jd.com/es-module-lexer/download/es-module-lexer-0.9.3.tgz",
      "integrity": "sha1-bxPbAMw4QXE32vdDZvU1yOtDjxk="
    },
    "escalade": {
      "version": "3.1.1",
      "resolved": "http://registry.m.jd.com/escalade/download/escalade-3.1.1.tgz",
      "integrity": "sha1-2M/ccACWXFoBdLSoLqpcBVJ0LkA="
    },
    "eslint-scope": {
      "version": "5.1.1",
      "resolved": "http://registry.m.jd.com/eslint-scope/download/eslint-scope-5.1.1.tgz",
      "integrity": "sha1-54blmmbLkrP2wfsNUIqrF0hI9Iw=",
      "requires": {
        "esrecurse": "^4.3.0",
        "estraverse": "^4.1.1"
      }
    },
    "esrecurse": {
      "version": "4.3.0",
      "resolved": "http://registry.m.jd.com/esrecurse/download/esrecurse-4.3.0.tgz",
      "integrity": "sha1-eteWTWeauyi+5yzsY3WLHF0smSE=",
      "requires": {
        "estraverse": "^5.2.0"
      },
      "dependencies": {
        "estraverse": {
          "version": "5.3.0",
          "resolved": "http://registry.m.jd.com/estraverse/download/estraverse-5.3.0.tgz",
          "integrity": "sha1-LupSkHAvJquP5TcDcP+GyWXSESM="
        }
      }
    },
    "estraverse": {
      "version": "4.3.0",
      "resolved": "http://registry.m.jd.com/estraverse/download/estraverse-4.3.0.tgz",
      "integrity": "sha1-OYrT88WiSUi+dyXoPRGn3ijNvR0="
    },
    "events": {
      "version": "3.3.0",
      "resolved": "http://registry.m.jd.com/events/download/events-3.3.0.tgz",
      "integrity": "sha1-Mala0Kkk4tLEGagTrrLE6HjqdAA="
    },
    "execa": {
      "version": "5.1.1",
      "resolved": "http://registry.m.jd.com/execa/download/execa-5.1.1.tgz",
      "integrity": "sha1-+ArZy/Qpj3vR1MlVXCHpN0HEEd0=",
      "requires": {
        "cross-spawn": "^7.0.3",
        "get-stream": "^6.0.0",
        "human-signals": "^2.1.0",
        "is-stream": "^2.0.0",
        "merge-stream": "^2.0.0",
        "npm-run-path": "^4.0.1",
        "onetime": "^5.1.2",
        "signal-exit": "^3.0.3",
        "strip-final-newline": "^2.0.0"
      }
    },
    "fast-deep-equal": {
      "version": "3.1.3",
      "resolved": "http://registry.m.jd.com/fast-deep-equal/download/fast-deep-equal-3.1.3.tgz",
      "integrity": "sha1-On1WtVnWy8PrUSMlJE5hmmXGxSU="
    },
    "fast-json-stable-stringify": {
      "version": "2.1.0",
      "resolved": "http://registry.m.jd.com/fast-json-stable-stringify/download/fast-json-stable-stringify-2.1.0.tgz",
      "integrity": "sha1-h0v2nG9ATCtdmcSBNBOZ/VWJJjM="
    },
    "fastest-levenshtein": {
      "version": "1.0.12",
      "resolved": "http://registry.m.jd.com/fastest-levenshtein/download/fastest-levenshtein-1.0.12.tgz",
      "integrity": "sha1-mZD306iMxan/0fF0V0UlFwDUl+I="
    },
    "find-up": {
      "version": "4.1.0",
      "resolved": "http://registry.m.jd.com/find-up/download/find-up-4.1.0.tgz",
      "integrity": "sha1-l6/n1s3AvFkoWEt8jXsW6KmqXRk=",
      "requires": {
        "locate-path": "^5.0.0",
        "path-exists": "^4.0.0"
      }
    },
    "function-bind": {
      "version": "1.1.1",
      "resolved": "http://registry.m.jd.com/function-bind/download/function-bind-1.1.1.tgz",
      "integrity": "sha1-pWiZ0+o8m6uHS7l3O3xe3pL0iV0="
    },
    "get-stream": {
      "version": "6.0.1",
      "resolved": "http://registry.m.jd.com/get-stream/download/get-stream-6.0.1.tgz",
      "integrity": "sha1-omLY7vZ6ztV8KFKtYWdSakPL97c="
    },
    "glob-to-regexp": {
      "version": "0.4.1",
      "resolved": "http://registry.m.jd.com/glob-to-regexp/download/glob-to-regexp-0.4.1.tgz",
      "integrity": "sha1-x1KXCHyFG5pXi9IX3VmpL1n+VG4="
    },
    "graceful-fs": {
      "version": "4.2.9",
      "resolved": "http://registry.m.jd.com/graceful-fs/download/graceful-fs-4.2.9.tgz",
      "integrity": "sha1-BBsF30V1Xlh6JJQiebnRExRuHJY="
    },
    "has": {
      "version": "1.0.3",
      "resolved": "http://registry.m.jd.com/has/download/has-1.0.3.tgz",
      "integrity": "sha1-ci18v8H2qoJB8W3YFOAR4fQeh5Y=",
      "requires": {
        "function-bind": "^1.1.1"
      }
    },
    "has-flag": {
      "version": "4.0.0",
      "resolved": "http://registry.m.jd.com/has-flag/download/has-flag-4.0.0.tgz",
      "integrity": "sha1-lEdx/ZyByBJlxNaUGGDaBrtZR5s="
    },
    "he": {
      "version": "1.2.0",
      "resolved": "http://registry.m.jd.com/he/download/he-1.2.0.tgz",
      "integrity": "sha1-hK5l+n6vsWX922FWauFLrwVmTw8=",
      "dev": true
    },
    "html-minifier-terser": {
      "version": "6.1.0",
      "resolved": "http://registry.m.jd.com/html-minifier-terser/download/html-minifier-terser-6.1.0.tgz",
      "integrity": "sha1-v8gYk0zAeRj2s2afV3Ts39SPMqs=",
      "dev": true,
      "requires": {
        "camel-case": "^4.1.2",
        "clean-css": "^5.2.2",
        "commander": "^8.3.0",
        "he": "^1.2.0",
        "param-case": "^3.0.4",
        "relateurl": "^0.2.7",
        "terser": "^5.10.0"
      },
      "dependencies": {
        "commander": {
          "version": "8.3.0",
          "resolved": "http://registry.m.jd.com/commander/download/commander-8.3.0.tgz",
          "integrity": "sha1-SDfqGy2me5xhamevuw+v7lZ7ymY=",
          "dev": true
        }
      }
    },
    "html-webpack-plugin": {
      "version": "5.5.0",
      "resolved": "http://registry.m.jd.com/html-webpack-plugin/download/html-webpack-plugin-5.5.0.tgz",
      "integrity": "sha1-w5EZNvV2gcH59Ni2jBWM2d/lL1A=",
      "dev": true,
      "requires": {
        "@types/html-minifier-terser": "^6.0.0",
        "html-minifier-terser": "^6.0.2",
        "lodash": "^4.17.21",
        "pretty-error": "^4.0.0",
        "tapable": "^2.0.0"
      }
    },
    "htmlparser2": {
      "version": "6.1.0",
      "resolved": "http://registry.m.jd.com/htmlparser2/download/htmlparser2-6.1.0.tgz",
      "integrity": "sha1-xNditsM3GgXb5l6UrkOp+EX7j7c=",
      "dev": true,
      "requires": {
        "domelementtype": "^2.0.1",
        "domhandler": "^4.0.0",
        "domutils": "^2.5.2",
        "entities": "^2.0.0"
      }
    },
    "human-signals": {
      "version": "2.1.0",
      "resolved": "http://registry.m.jd.com/human-signals/download/human-signals-2.1.0.tgz",
      "integrity": "sha1-3JH8ukLk0G5Kuu0zs+ejwC9RTqA="
    },
    "import-local": {
      "version": "3.0.3",
      "resolved": "http://registry.m.jd.com/import-local/download/import-local-3.0.3.tgz",
      "integrity": "sha1-TVHCxJXKk5PaJZ7Ga2LgIpICEeA=",
      "requires": {
        "pkg-dir": "^4.2.0",
        "resolve-cwd": "^3.0.0"
      }
    },
    "interpret": {
      "version": "2.2.0",
      "resolved": "http://registry.m.jd.com/interpret/download/interpret-2.2.0.tgz",
      "integrity": "sha1-GnigtZZcQKVBbQB61vUK0nxBffk="
    },
    "is-core-module": {
      "version": "2.8.1",
      "resolved": "http://registry.m.jd.com/is-core-module/download/is-core-module-2.8.1.tgz",
      "integrity": "sha1-9Z/fynAdWHnQprEApAqhVgzichE=",
      "requires": {
        "has": "^1.0.3"
      }
    },
    "is-plain-object": {
      "version": "2.0.4",
      "resolved": "http://registry.m.jd.com/is-plain-object/download/is-plain-object-2.0.4.tgz",
      "integrity": "sha1-LBY7P6+xtgbZ0Xko8FwqHDjgdnc=",
      "requires": {
        "isobject": "^3.0.1"
      }
    },
    "is-stream": {
      "version": "2.0.1",
      "resolved": "http://registry.m.jd.com/is-stream/download/is-stream-2.0.1.tgz",
      "integrity": "sha1-+sHj1TuXrVqdCunO8jifWBClwHc="
    },
    "isexe": {
      "version": "2.0.0",
      "resolved": "http://registry.m.jd.com/isexe/download/isexe-2.0.0.tgz",
      "integrity": "sha1-6PvzdNxVb/iUehDcsFctYz8s+hA="
    },
    "isobject": {
      "version": "3.0.1",
      "resolved": "http://registry.m.jd.com/isobject/download/isobject-3.0.1.tgz",
      "integrity": "sha1-TkMekrEalzFjaqH5yNHMvP2reN8="
    },
    "jest-worker": {
      "version": "27.4.6",
      "resolved": "http://registry.m.jd.com/jest-worker/download/jest-worker-27.4.6.tgz",
      "integrity": "sha1-XS2T20GVZstoB1LKB5J4DnGzJz4=",
      "requires": {
        "@types/node": "*",
        "merge-stream": "^2.0.0",
        "supports-color": "^8.0.0"
      }
    },
    "json-parse-better-errors": {
      "version": "1.0.2",
      "resolved": "http://registry.m.jd.com/json-parse-better-errors/download/json-parse-better-errors-1.0.2.tgz",
      "integrity": "sha1-u4Z8+zRQ5pEHwTHRxRS6s9yLyqk="
    },
    "json-schema-traverse": {
      "version": "0.4.1",
      "resolved": "http://registry.m.jd.com/json-schema-traverse/download/json-schema-traverse-0.4.1.tgz",
      "integrity": "sha1-afaofZUTq4u4/mO9sJecRI5oRmA="
    },
    "kind-of": {
      "version": "6.0.3",
      "resolved": "http://registry.m.jd.com/kind-of/download/kind-of-6.0.3.tgz",
      "integrity": "sha1-B8BQNKbDSfoG4k+jWqdttFgM5N0="
    },
    "loader-runner": {
      "version": "4.2.0",
      "resolved": "http://registry.m.jd.com/loader-runner/download/loader-runner-4.2.0.tgz",
      "integrity": "sha1-1wIjgNZtFMX7HUlriYZOvP1Hg4Q="
    },
    "locate-path": {
      "version": "5.0.0",
      "resolved": "http://registry.m.jd.com/locate-path/download/locate-path-5.0.0.tgz",
      "integrity": "sha1-Gvujlq/WdqbUJQTQpno6frn2KqA=",
      "requires": {
        "p-locate": "^4.1.0"
      }
    },
    "lodash": {
      "version": "4.17.21",
      "resolved": "http://registry.m.jd.com/lodash/download/lodash-4.17.21.tgz",
      "integrity": "sha1-Z5WRxWTDv/quhFTPCz3zcMPWkRw=",
      "dev": true
    },
    "lower-case": {
      "version": "2.0.2",
      "resolved": "http://registry.m.jd.com/lower-case/download/lower-case-2.0.2.tgz",
      "integrity": "sha1-b6I3xj29xKgsoP2ILkci3F5jTig=",
      "dev": true,
      "requires": {
        "tslib": "^2.0.3"
      }
    },
    "merge-stream": {
      "version": "2.0.0",
      "resolved": "http://registry.m.jd.com/merge-stream/download/merge-stream-2.0.0.tgz",
      "integrity": "sha1-UoI2KaFN0AyXcPtq1H3GMQ8sH2A="
    },
    "mime-db": {
      "version": "1.51.0",
      "resolved": "http://registry.m.jd.com/mime-db/download/mime-db-1.51.0.tgz",
      "integrity": "sha1-2f9iRRhZsYNC2WCFDcPPt35j+ww="
    },
    "mime-types": {
      "version": "2.1.34",
      "resolved": "http://registry.m.jd.com/mime-types/download/mime-types-2.1.34.tgz",
      "integrity": "sha1-WnEvnsFQNRGpRYA2QPr+CdN5PCQ=",
      "requires": {
        "mime-db": "1.51.0"
      }
    },
    "mimic-fn": {
      "version": "2.1.0",
      "resolved": "http://registry.m.jd.com/mimic-fn/download/mimic-fn-2.1.0.tgz",
      "integrity": "sha1-ftLCzMyvhNP/y3pptXcR/CCDQBs="
    },
    "neo-async": {
      "version": "2.6.2",
      "resolved": "http://registry.m.jd.com/neo-async/download/neo-async-2.6.2.tgz",
      "integrity": "sha1-tKr7k+OustgXTKU88WOrfXMIMF8="
    },
    "no-case": {
      "version": "3.0.4",
      "resolved": "http://registry.m.jd.com/no-case/download/no-case-3.0.4.tgz",
      "integrity": "sha1-02H9XJgA9VhVGoNp/A3NRmK2Ek0=",
      "dev": true,
      "requires": {
        "lower-case": "^2.0.2",
        "tslib": "^2.0.3"
      }
    },
    "node-releases": {
      "version": "2.0.1",
      "resolved": "http://registry.m.jd.com/node-releases/download/node-releases-2.0.1.tgz",
      "integrity": "sha1-PR05XyBPHy8ppUNYuftnh2WtL8U="
    },
    "npm-run-path": {
      "version": "4.0.1",
      "resolved": "http://registry.m.jd.com/npm-run-path/download/npm-run-path-4.0.1.tgz",
      "integrity": "sha1-t+zR5e1T2o43pV4cImnguX7XSOo=",
      "requires": {
        "path-key": "^3.0.0"
      }
    },
    "nth-check": {
      "version": "2.0.1",
      "resolved": "http://registry.m.jd.com/nth-check/download/nth-check-2.0.1.tgz",
      "integrity": "sha1-Lv4WL1w9oGoolZ+9PbddvuqfD8I=",
      "dev": true,
      "requires": {
        "boolbase": "^1.0.0"
      }
    },
    "onetime": {
      "version": "5.1.2",
      "resolved": "http://registry.m.jd.com/onetime/download/onetime-5.1.2.tgz",
      "integrity": "sha1-0Oluu1awdHbfHdnEgG5SN5hcpF4=",
      "requires": {
        "mimic-fn": "^2.1.0"
      }
    },
    "p-limit": {
      "version": "2.3.0",
      "resolved": "http://registry.m.jd.com/p-limit/download/p-limit-2.3.0.tgz",
      "integrity": "sha1-PdM8ZHohT9//2DWTPrCG2g3CHbE=",
      "requires": {
        "p-try": "^2.0.0"
      }
    },
    "p-locate": {
      "version": "4.1.0",
      "resolved": "http://registry.m.jd.com/p-locate/download/p-locate-4.1.0.tgz",
      "integrity": "sha1-o0KLtwiLOmApL2aRkni3wpetTwc=",
      "requires": {
        "p-limit": "^2.2.0"
      }
    },
    "p-try": {
      "version": "2.2.0",
      "resolved": "http://registry.m.jd.com/p-try/download/p-try-2.2.0.tgz",
      "integrity": "sha1-yyhoVA4xPWHeWPr741zpAE1VQOY="
    },
    "param-case": {
      "version": "3.0.4",
      "resolved": "http://registry.m.jd.com/param-case/download/param-case-3.0.4.tgz",
      "integrity": "sha1-fRf+SqEr3jTUp32RrPtiGcqtAcU=",
      "dev": true,
      "requires": {
        "dot-case": "^3.0.4",
        "tslib": "^2.0.3"
      }
    },
    "pascal-case": {
      "version": "3.1.2",
      "resolved": "http://registry.m.jd.com/pascal-case/download/pascal-case-3.1.2.tgz",
      "integrity": "sha1-tI4O8rmOIF58Ha50fQsVCCN2YOs=",
      "dev": true,
      "requires": {
        "no-case": "^3.0.4",
        "tslib": "^2.0.3"
      }
    },
    "path-exists": {
      "version": "4.0.0",
      "resolved": "http://registry.m.jd.com/path-exists/download/path-exists-4.0.0.tgz",
      "integrity": "sha1-UTvb4tO5XXdi6METfvoZXGxhtbM="
    },
    "path-key": {
      "version": "3.1.1",
      "resolved": "http://registry.m.jd.com/path-key/download/path-key-3.1.1.tgz",
      "integrity": "sha1-WB9q3mWMu6ZaDTOA3ndTKVBU83U="
    },
    "path-parse": {
      "version": "1.0.7",
      "resolved": "http://registry.m.jd.com/path-parse/download/path-parse-1.0.7.tgz",
      "integrity": "sha1-+8EUtgykKzDZ2vWFjkvWi77bZzU="
    },
    "picocolors": {
      "version": "1.0.0",
      "resolved": "http://registry.m.jd.com/picocolors/download/picocolors-1.0.0.tgz",
      "integrity": "sha1-y1vcdP8/UYkiNur3nWi8RFZKuBw="
    },
    "pkg-dir": {
      "version": "4.2.0",
      "resolved": "http://registry.m.jd.com/pkg-dir/download/pkg-dir-4.2.0.tgz",
      "integrity": "sha1-8JkTPfft5CLoHR2ESCcO6z5CYfM=",
      "requires": {
        "find-up": "^4.0.0"
      }
    },
    "pretty-error": {
      "version": "4.0.0",
      "resolved": "http://registry.m.jd.com/pretty-error/download/pretty-error-4.0.0.tgz",
      "integrity": "sha1-kKcD9G3XI0rbRtD4SCPp0cuPENY=",
      "dev": true,
      "requires": {
        "lodash": "^4.17.20",
        "renderkid": "^3.0.0"
      }
    },
    "punycode": {
      "version": "2.1.1",
      "resolved": "http://registry.m.jd.com/punycode/download/punycode-2.1.1.tgz",
      "integrity": "sha1-tYsBCsQMIsVldhbI0sLALHv0eew="
    },
    "randombytes": {
      "version": "2.1.0",
      "resolved": "http://registry.m.jd.com/randombytes/download/randombytes-2.1.0.tgz",
      "integrity": "sha1-32+ENy8CcNxlzfYpE0mrekc9Tyo=",
      "requires": {
        "safe-buffer": "^5.1.0"
      }
    },
    "rechoir": {
      "version": "0.7.1",
      "resolved": "http://registry.m.jd.com/rechoir/download/rechoir-0.7.1.tgz",
      "integrity": "sha1-lHipahyhNbXoj8An8D7pLWxkVoY=",
      "requires": {
        "resolve": "^1.9.0"
      }
    },
    "relateurl": {
      "version": "0.2.7",
      "resolved": "http://registry.m.jd.com/relateurl/download/relateurl-0.2.7.tgz",
      "integrity": "sha1-VNvzd+UUQKypCkzSdGANP/LYiKk=",
      "dev": true
    },
    "renderkid": {
      "version": "3.0.0",
      "resolved": "http://registry.m.jd.com/renderkid/download/renderkid-3.0.0.tgz",
      "integrity": "sha1-X9gj5NaVHTc1jsyaWLHwaDa2Joo=",
      "dev": true,
      "requires": {
        "css-select": "^4.1.3",
        "dom-converter": "^0.2.0",
        "htmlparser2": "^6.1.0",
        "lodash": "^4.17.21",
        "strip-ansi": "^6.0.1"
      }
    },
    "resolve": {
      "version": "1.21.0",
      "resolved": "http://registry.m.jd.com/resolve/download/resolve-1.21.0.tgz",
      "integrity": "sha1-tRrcl/NHLmpc9ERNNLyda5A3WR8=",
      "requires": {
        "is-core-module": "^2.8.0",
        "path-parse": "^1.0.7",
        "supports-preserve-symlinks-flag": "^1.0.0"
      }
    },
    "resolve-cwd": {
      "version": "3.0.0",
      "resolved": "http://registry.m.jd.com/resolve-cwd/download/resolve-cwd-3.0.0.tgz",
      "integrity": "sha1-DwB18bslRHZs9zumpuKt/ryxPy0=",
      "requires": {
        "resolve-from": "^5.0.0"
      }
    },
    "resolve-from": {
      "version": "5.0.0",
      "resolved": "http://registry.m.jd.com/resolve-from/download/resolve-from-5.0.0.tgz",
      "integrity": "sha1-w1IlhD3493bfIcV1V7wIfp39/Gk="
    },
    "safe-buffer": {
      "version": "5.2.1",
      "resolved": "http://registry.m.jd.com/safe-buffer/download/safe-buffer-5.2.1.tgz",
      "integrity": "sha1-Hq+fqb2x/dTsdfWPnNtOa3gn7sY="
    },
    "schema-utils": {
      "version": "3.1.1",
      "resolved": "http://registry.m.jd.com/schema-utils/download/schema-utils-3.1.1.tgz",
      "integrity": "sha1-vHTEtraZXB2I92qLd76nIZ4MgoE=",
      "requires": {
        "@types/json-schema": "^7.0.8",
        "ajv": "^6.12.5",
        "ajv-keywords": "^3.5.2"
      }
    },
    "serialize-javascript": {
      "version": "6.0.0",
      "resolved": "http://registry.m.jd.com/serialize-javascript/download/serialize-javascript-6.0.0.tgz",
      "integrity": "sha1-765diPRdeSQUHai1w6en5mP+/rg=",
      "requires": {
        "randombytes": "^2.1.0"
      }
    },
    "shallow-clone": {
      "version": "3.0.1",
      "resolved": "http://registry.m.jd.com/shallow-clone/download/shallow-clone-3.0.1.tgz",
      "integrity": "sha1-jymBrZJTH1UDWwH7IwdppA4C76M=",
      "requires": {
        "kind-of": "^6.0.2"
      }
    },
    "shebang-command": {
      "version": "2.0.0",
      "resolved": "http://registry.m.jd.com/shebang-command/download/shebang-command-2.0.0.tgz",
      "integrity": "sha1-zNCvT4g1+9wmW4JGGq8MNmY/NOo=",
      "requires": {
        "shebang-regex": "^3.0.0"
      }
    },
    "shebang-regex": {
      "version": "3.0.0",
      "resolved": "http://registry.m.jd.com/shebang-regex/download/shebang-regex-3.0.0.tgz",
      "integrity": "sha1-rhbxZE2HPsrYQ7AwexQzYtTEIXI="
    },
    "signal-exit": {
      "version": "3.0.6",
      "resolved": "http://registry.m.jd.com/signal-exit/download/signal-exit-3.0.6.tgz",
      "integrity": "sha1-JOYwxLDwP+pEaivSmeYrSmyo0K8="
    },
    "source-map": {
      "version": "0.6.1",
      "resolved": "http://registry.m.jd.com/source-map/download/source-map-0.6.1.tgz",
      "integrity": "sha1-dHIq8y6WFOnCh6jQu95IteLxomM="
    },
    "source-map-support": {
      "version": "0.5.21",
      "resolved": "http://registry.m.jd.com/source-map-support/download/source-map-support-0.5.21.tgz",
      "integrity": "sha1-BP58f54e0tZiIzwoyys1ufY/bk8=",
      "requires": {
        "buffer-from": "^1.0.0",
        "source-map": "^0.6.0"
      }
    },
    "strip-ansi": {
      "version": "6.0.1",
      "resolved": "http://registry.m.jd.com/strip-ansi/download/strip-ansi-6.0.1.tgz",
      "integrity": "sha1-nibGPTD1NEPpSJSVshBdN7Z6hdk=",
      "dev": true,
      "requires": {
        "ansi-regex": "^5.0.1"
      }
    },
    "strip-final-newline": {
      "version": "2.0.0",
      "resolved": "http://registry.m.jd.com/strip-final-newline/download/strip-final-newline-2.0.0.tgz",
      "integrity": "sha1-ibhS+y/L6Tb29LMYevsKEsGrWK0="
    },
    "supports-color": {
      "version": "8.1.1",
      "resolved": "http://registry.m.jd.com/supports-color/download/supports-color-8.1.1.tgz",
      "integrity": "sha1-zW/BfihQDP9WwbhsCn/UpUpzAFw=",
      "requires": {
        "has-flag": "^4.0.0"
      }
    },
    "supports-preserve-symlinks-flag": {
      "version": "1.0.0",
      "resolved": "http://registry.m.jd.com/supports-preserve-symlinks-flag/download/supports-preserve-symlinks-flag-1.0.0.tgz",
      "integrity": "sha1-btpL00SjyUrqN21MwxvHcxEDngk="
    },
    "tapable": {
      "version": "2.2.1",
      "resolved": "http://registry.m.jd.com/tapable/download/tapable-2.2.1.tgz",
      "integrity": "sha1-GWenPvQGCoLxKrlq+G1S/bdu7KA="
    },
    "terser": {
      "version": "5.10.0",
      "resolved": "http://registry.m.jd.com/terser/download/terser-5.10.0.tgz",
      "integrity": "sha1-uGOQgJwDiRBesKC2I5dWMJbdr8w=",
      "requires": {
        "commander": "^2.20.0",
        "source-map": "~0.7.2",
        "source-map-support": "~0.5.20"
      },
      "dependencies": {
        "source-map": {
          "version": "0.7.3",
          "resolved": "http://registry.m.jd.com/source-map/download/source-map-0.7.3.tgz",
          "integrity": "sha1-UwL4FpAxc1ImVECS5kmB91F1A4M="
        }
      }
    },
    "terser-webpack-plugin": {
      "version": "5.3.0",
      "resolved": "http://registry.m.jd.com/terser-webpack-plugin/download/terser-webpack-plugin-5.3.0.tgz",
      "integrity": "sha1-IWQTJkhuz5HYBUFhyBbkZENbrp8=",
      "requires": {
        "jest-worker": "^27.4.1",
        "schema-utils": "^3.1.1",
        "serialize-javascript": "^6.0.0",
        "source-map": "^0.6.1",
        "terser": "^5.7.2"
      }
    },
    "tslib": {
      "version": "2.3.1",
      "resolved": "http://registry.m.jd.com/tslib/download/tslib-2.3.1.tgz",
      "integrity": "sha1-6KM1rdXOrlGqJh0ypJAVjvBC7wE=",
      "dev": true
    },
    "uri-js": {
      "version": "4.4.1",
      "resolved": "http://registry.m.jd.com/uri-js/download/uri-js-4.4.1.tgz",
      "integrity": "sha1-mxpSWVIlhZ5V9mnZKPiMbFfyp34=",
      "requires": {
        "punycode": "^2.1.0"
      }
    },
    "utila": {
      "version": "0.4.0",
      "resolved": "http://registry.m.jd.com/utila/download/utila-0.4.0.tgz",
      "integrity": "sha1-ihagXURWV6Oupe7MWxKk+lN5dyw=",
      "dev": true
    },
    "watchpack": {
      "version": "2.3.1",
      "resolved": "http://registry.m.jd.com/watchpack/download/watchpack-2.3.1.tgz",
      "integrity": "sha1-QgDZRHtAEVbuyndn7mEPiAm8nSU=",
      "requires": {
        "glob-to-regexp": "^0.4.1",
        "graceful-fs": "^4.1.2"
      }
    },
    "webpack": {
      "version": "5.66.0",
      "resolved": "http://registry.m.jd.com/webpack/download/webpack-5.66.0.tgz",
      "integrity": "sha1-eJvzYof0B/ySs+LW+Xjd/xv8Lbs=",
      "requires": {
        "@types/eslint-scope": "^3.7.0",
        "@types/estree": "^0.0.50",
        "@webassemblyjs/ast": "1.11.1",
        "@webassemblyjs/wasm-edit": "1.11.1",
        "@webassemblyjs/wasm-parser": "1.11.1",
        "acorn": "^8.4.1",
        "acorn-import-assertions": "^1.7.6",
        "browserslist": "^4.14.5",
        "chrome-trace-event": "^1.0.2",
        "enhanced-resolve": "^5.8.3",
        "es-module-lexer": "^0.9.0",
        "eslint-scope": "5.1.1",
        "events": "^3.2.0",
        "glob-to-regexp": "^0.4.1",
        "graceful-fs": "^4.2.9",
        "json-parse-better-errors": "^1.0.2",
        "loader-runner": "^4.2.0",
        "mime-types": "^2.1.27",
        "neo-async": "^2.6.2",
        "schema-utils": "^3.1.0",
        "tapable": "^2.1.1",
        "terser-webpack-plugin": "^5.1.3",
        "watchpack": "^2.3.1",
        "webpack-sources": "^3.2.2"
      }
    },
    "webpack-cli": {
      "version": "4.9.1",
      "resolved": "http://registry.m.jd.com/webpack-cli/download/webpack-cli-4.9.1.tgz",
      "integrity": "sha1-tkvoJeLRsTDyhcMUyqOxuppGMrM=",
      "requires": {
        "@discoveryjs/json-ext": "^0.5.0",
        "@webpack-cli/configtest": "^1.1.0",
        "@webpack-cli/info": "^1.4.0",
        "@webpack-cli/serve": "^1.6.0",
        "colorette": "^2.0.14",
        "commander": "^7.0.0",
        "execa": "^5.0.0",
        "fastest-levenshtein": "^1.0.12",
        "import-local": "^3.0.2",
        "interpret": "^2.2.0",
        "rechoir": "^0.7.0",
        "webpack-merge": "^5.7.3"
      },
      "dependencies": {
        "commander": {
          "version": "7.2.0",
          "resolved": "http://registry.m.jd.com/commander/download/commander-7.2.0.tgz",
          "integrity": "sha1-o2y1fQtQHOEI5NIFWaFQo5HZerc="
        }
      }
    },
    "webpack-merge": {
      "version": "5.8.0",
      "resolved": "http://registry.m.jd.com/webpack-merge/download/webpack-merge-5.8.0.tgz",
      "integrity": "sha1-Kznb8ir4d3atdEw5AiNzHTCmj2E=",
      "requires": {
        "clone-deep": "^4.0.1",
        "wildcard": "^2.0.0"
      }
    },
    "webpack-sources": {
      "version": "3.2.3",
      "resolved": "http://registry.m.jd.com/webpack-sources/download/webpack-sources-3.2.3.tgz",
      "integrity": "sha1-LU2quEUf1LJAzCcFX/agwszqDN4="
    },
    "which": {
      "version": "2.0.2",
      "resolved": "http://registry.m.jd.com/which/download/which-2.0.2.tgz",
      "integrity": "sha1-fGqN0KY2oDJ+ELWckobu6T8/UbE=",
      "requires": {
        "isexe": "^2.0.0"
      }
    },
    "wildcard": {
      "version": "2.0.0",
      "resolved": "http://registry.m.jd.com/wildcard/download/wildcard-2.0.0.tgz",
      "integrity": "sha1-p30g5SAMb6qsl55LOq3Hs91/j+w="
    }
  }
}
